
Microsoft Visual Studio Solution File, Format Version 12.00
# Visual Studio Version 16
VisualStudioVersion = 16.0.30204.135
MinimumVisualStudioVersion = 10.0.40219.1
Project("{2150E333-8FDC-42A3-9474-1A3956D46DE8}") = "Solution Items", "Solution Items", "{A21D647B-8829-45E8-A12B-7BE973EF7844}"
	ProjectSection(SolutionItems) = preProject
		..\.github\workflows\blauhaus.yml = ..\.github\workflows\blauhaus.yml
	EndProjectSection
EndProject
Project("{FAE04EC0-301F-11D3-BF4B-00C04F79EFBC}") = "Blauhaus.Errors", "Blauhaus.Errors\Blauhaus.Errors.csproj", "{A330B76B-B799-402F-A9A5-CF166DC0F82D}"
EndProject
Project("{FAE04EC0-301F-11D3-BF4B-00C04F79EFBC}") = "Blauhaus.Errors.Tests", "Blauhaus.Errors.Tests\Blauhaus.Errors.Tests.csproj", "{DADB0034-01A2-478F-BDEF-5AEF88668B20}"
EndProject
Global
	GlobalSection(SolutionConfigurationPlatforms) = preSolution
		Debug|Any CPU = Debug|Any CPU
		Release|Any CPU = Release|Any CPU
	EndGlobalSection
	GlobalSection(ProjectConfigurationPlatforms) = postSolution
		{A330B76B-B799-402F-A9A5-CF166DC0F82D}.Debug|Any CPU.ActiveCfg = Debug|Any CPU
		{A330B76B-B799-402F-A9A5-CF166DC0F82D}.Debug|Any CPU.Build.0 = Debug|Any CPU
		{A330B76B-B799-402F-A9A5-CF166DC0F82D}.Release|Any CPU.ActiveCfg = Release|Any CPU
		{A330B76B-B799-402F-A9A5-CF166DC0F82D}.Release|Any CPU.Build.0 = Release|Any CPU
		{DADB0034-01A2-478F-BDEF-5AEF88668B20}.Debug|Any CPU.ActiveCfg = Debug|Any CPU
		{DADB0034-01A2-478F-BDEF-5AEF88668B20}.Debug|Any CPU.Build.0 = Debug|Any CPU
		{DADB0034-01A2-478F-BDEF-5AEF88668B20}.Release|Any CPU.ActiveCfg = Release|Any CPU
		{DADB0034-01A2-478F-BDEF-5AEF88668B20}.Release|Any CPU.Build.0 = Release|Any CPU
	EndGlobalSection
	GlobalSection(SolutionProperties) = preSolution
		HideSolutionNode = FALSE
	EndGlobalSection
	GlobalSection(ExtensibilityGlobals) = postSolution
		SolutionGuid = {5533A91E-C0BB-4F56-AA99-3819F2C14BFD}
	EndGlobalSection
EndGlobal
